
Microsoft Visual Studio Solution File, Format Version 12.00
# Visual Studio Express 14 for Windows Desktop
VisualStudioVersion = 14.0.25420.1
MinimumVisualStudioVersion = 10.0.40219.1
Project("{8BC9CEB8-8B4A-11D0-8D11-00A0C91BC942}") = "Kuru-C", "Kuru-C\Kuru-C.vcxproj", "{DA4E12E7-738F-4465-9EE8-FD6DC110994E}"
EndProject
Project("{8BC9CEB8-8B4A-11D0-8D11-00A0C91BC942}") = "section-5", "section-5\section-5.vcxproj", "{7F5503CF-5B50-45A8-AFAF-66604230B222}"
EndProject
Project("{8BC9CEB8-8B4A-11D0-8D11-00A0C91BC942}") = "section-6", "section-6\section-6.vcxproj", "{7C3C0C1F-5D54-481A-A187-08B5F0760CA2}"
EndProject
Global
	GlobalSection(SolutionConfigurationPlatforms) = preSolution
		Debug|x64 = Debug|x64
		Debug|x86 = Debug|x86
		Release|x64 = Release|x64
		Release|x86 = Release|x86
	EndGlobalSection
	GlobalSection(ProjectConfigurationPlatforms) = postSolution
		{DA4E12E7-738F-4465-9EE8-FD6DC110994E}.Debug|x64.ActiveCfg = Debug|x64
		{DA4E12E7-738F-4465-9EE8-FD6DC110994E}.Debug|x64.Build.0 = Debug|x64
		{DA4E12E7-738F-4465-9EE8-FD6DC110994E}.Debug|x86.ActiveCfg = Debug|Win32
		{DA4E12E7-738F-4465-9EE8-FD6DC110994E}.Debug|x86.Build.0 = Debug|Win32
		{DA4E12E7-738F-4465-9EE8-FD6DC110994E}.Release|x64.ActiveCfg = Release|x64
		{DA4E12E7-738F-4465-9EE8-FD6DC110994E}.Release|x64.Build.0 = Release|x64
		{DA4E12E7-738F-4465-9EE8-FD6DC110994E}.Release|x86.ActiveCfg = Release|Win32
		{DA4E12E7-738F-4465-9EE8-FD6DC110994E}.Release|x86.Build.0 = Release|Win32
		{7F5503CF-5B50-45A8-AFAF-66604230B222}.Debug|x64.ActiveCfg = Debug|x64
		{7F5503CF-5B50-45A8-AFAF-66604230B222}.Debug|x64.Build.0 = Debug|x64
		{7F5503CF-5B50-45A8-AFAF-66604230B222}.Debug|x86.ActiveCfg = Debug|Win32
		{7F5503CF-5B50-45A8-AFAF-66604230B222}.Debug|x86.Build.0 = Debug|Win32
		{7F5503CF-5B50-45A8-AFAF-66604230B222}.Release|x64.ActiveCfg = Release|x64
		{7F5503CF-5B50-45A8-AFAF-66604230B222}.Release|x64.Build.0 = Release|x64
		{7F5503CF-5B50-45A8-AFAF-66604230B222}.Release|x86.ActiveCfg = Release|Win32
		{7F5503CF-5B50-45A8-AFAF-66604230B222}.Release|x86.Build.0 = Release|Win32
		{7C3C0C1F-5D54-481A-A187-08B5F0760CA2}.Debug|x64.ActiveCfg = Debug|x64
		{7C3C0C1F-5D54-481A-A187-08B5F0760CA2}.Debug|x64.Build.0 = Debug|x64
		{7C3C0C1F-5D54-481A-A187-08B5F0760CA2}.Debug|x86.ActiveCfg = Debug|Win32
		{7C3C0C1F-5D54-481A-A187-08B5F0760CA2}.Debug|x86.Build.0 = Debug|Win32
		{7C3C0C1F-5D54-481A-A187-08B5F0760CA2}.Release|x64.ActiveCfg = Release|x64
		{7C3C0C1F-5D54-481A-A187-08B5F0760CA2}.Release|x64.Build.0 = Release|x64
		{7C3C0C1F-5D54-481A-A187-08B5F0760CA2}.Release|x86.ActiveCfg = Release|Win32
		{7C3C0C1F-5D54-481A-A187-08B5F0760CA2}.Release|x86.Build.0 = Release|Win32
	EndGlobalSection
	GlobalSection(SolutionProperties) = preSolution
		HideSolutionNode = FALSE
	EndGlobalSection
EndGlobal
