
Microsoft Visual Studio Solution File, Format Version 12.00
# Visual Studio 14
VisualStudioVersion = 14.0.25420.1
MinimumVisualStudioVersion = 10.0.40219.1
Project("{8BC9CEB8-8B4A-11D0-8D11-00A0C91BC942}") = "Kuru-C", "Kuru-C\Kuru-C.vcxproj", "{DA4E12E7-738F-4465-9EE8-FD6DC110994E}"
EndProject
Project("{8BC9CEB8-8B4A-11D0-8D11-00A0C91BC942}") = "section-5", "section-5\section-5.vcxproj", "{7F5503CF-5B50-45A8-AFAF-66604230B222}"
EndProject
Project("{8BC9CEB8-8B4A-11D0-8D11-00A0C91BC942}") = "section-6", "section-6\section-6.vcxproj", "{7C3C0C1F-5D54-481A-A187-08B5F0760CA2}"
EndProject
Project("{8BC9CEB8-8B4A-11D0-8D11-00A0C91BC942}") = "section-7", "section-7\section-7.vcxproj", "{E4656836-0152-42C8-8D4C-EDEA38876070}"
EndProject
Project("{8BC9CEB8-8B4A-11D0-8D11-00A0C91BC942}") = "section-8", "section-8\section-8.vcxproj", "{856FBCA3-7E8B-4032-A0B0-3BC44D1E29DF}"
EndProject
Project("{8BC9CEB8-8B4A-11D0-8D11-00A0C91BC942}") = "section-11", "section-11\section-11.vcxproj", "{EE513393-40C0-4E64-88BF-986E5418E85D}"
EndProject
Global
	GlobalSection(SolutionConfigurationPlatforms) = preSolution
		Debug|x64 = Debug|x64
		Debug|x86 = Debug|x86
		Release|x64 = Release|x64
		Release|x86 = Release|x86
	EndGlobalSection
	GlobalSection(ProjectConfigurationPlatforms) = postSolution
		{DA4E12E7-738F-4465-9EE8-FD6DC110994E}.Debug|x64.ActiveCfg = Debug|x64
		{DA4E12E7-738F-4465-9EE8-FD6DC110994E}.Debug|x64.Build.0 = Debug|x64
		{DA4E12E7-738F-4465-9EE8-FD6DC110994E}.Debug|x86.ActiveCfg = Debug|Win32
		{DA4E12E7-738F-4465-9EE8-FD6DC110994E}.Debug|x86.Build.0 = Debug|Win32
		{DA4E12E7-738F-4465-9EE8-FD6DC110994E}.Release|x64.ActiveCfg = Release|x64
		{DA4E12E7-738F-4465-9EE8-FD6DC110994E}.Release|x64.Build.0 = Release|x64
		{DA4E12E7-738F-4465-9EE8-FD6DC110994E}.Release|x86.ActiveCfg = Release|Win32
		{DA4E12E7-738F-4465-9EE8-FD6DC110994E}.Release|x86.Build.0 = Release|Win32
		{7F5503CF-5B50-45A8-AFAF-66604230B222}.Debug|x64.ActiveCfg = Debug|x64
		{7F5503CF-5B50-45A8-AFAF-66604230B222}.Debug|x64.Build.0 = Debug|x64
		{7F5503CF-5B50-45A8-AFAF-66604230B222}.Debug|x86.ActiveCfg = Debug|Win32
		{7F5503CF-5B50-45A8-AFAF-66604230B222}.Debug|x86.Build.0 = Debug|Win32
		{7F5503CF-5B50-45A8-AFAF-66604230B222}.Release|x64.ActiveCfg = Release|x64
		{7F5503CF-5B50-45A8-AFAF-66604230B222}.Release|x64.Build.0 = Release|x64
		{7F5503CF-5B50-45A8-AFAF-66604230B222}.Release|x86.ActiveCfg = Release|Win32
		{7F5503CF-5B50-45A8-AFAF-66604230B222}.Release|x86.Build.0 = Release|Win32
		{7C3C0C1F-5D54-481A-A187-08B5F0760CA2}.Debug|x64.ActiveCfg = Debug|x64
		{7C3C0C1F-5D54-481A-A187-08B5F0760CA2}.Debug|x64.Build.0 = Debug|x64
		{7C3C0C1F-5D54-481A-A187-08B5F0760CA2}.Debug|x86.ActiveCfg = Debug|Win32
		{7C3C0C1F-5D54-481A-A187-08B5F0760CA2}.Debug|x86.Build.0 = Debug|Win32
		{7C3C0C1F-5D54-481A-A187-08B5F0760CA2}.Release|x64.ActiveCfg = Release|x64
		{7C3C0C1F-5D54-481A-A187-08B5F0760CA2}.Release|x64.Build.0 = Release|x64
		{7C3C0C1F-5D54-481A-A187-08B5F0760CA2}.Release|x86.ActiveCfg = Release|Win32
		{7C3C0C1F-5D54-481A-A187-08B5F0760CA2}.Release|x86.Build.0 = Release|Win32
		{E4656836-0152-42C8-8D4C-EDEA38876070}.Debug|x64.ActiveCfg = Debug|x64
		{E4656836-0152-42C8-8D4C-EDEA38876070}.Debug|x64.Build.0 = Debug|x64
		{E4656836-0152-42C8-8D4C-EDEA38876070}.Debug|x86.ActiveCfg = Debug|Win32
		{E4656836-0152-42C8-8D4C-EDEA38876070}.Debug|x86.Build.0 = Debug|Win32
		{E4656836-0152-42C8-8D4C-EDEA38876070}.Release|x64.ActiveCfg = Release|x64
		{E4656836-0152-42C8-8D4C-EDEA38876070}.Release|x64.Build.0 = Release|x64
		{E4656836-0152-42C8-8D4C-EDEA38876070}.Release|x86.ActiveCfg = Release|Win32
		{E4656836-0152-42C8-8D4C-EDEA38876070}.Release|x86.Build.0 = Release|Win32
		{856FBCA3-7E8B-4032-A0B0-3BC44D1E29DF}.Debug|x64.ActiveCfg = Debug|x64
		{856FBCA3-7E8B-4032-A0B0-3BC44D1E29DF}.Debug|x64.Build.0 = Debug|x64
		{856FBCA3-7E8B-4032-A0B0-3BC44D1E29DF}.Debug|x86.ActiveCfg = Debug|Win32
		{856FBCA3-7E8B-4032-A0B0-3BC44D1E29DF}.Debug|x86.Build.0 = Debug|Win32
		{856FBCA3-7E8B-4032-A0B0-3BC44D1E29DF}.Release|x64.ActiveCfg = Release|x64
		{856FBCA3-7E8B-4032-A0B0-3BC44D1E29DF}.Release|x64.Build.0 = Release|x64
		{856FBCA3-7E8B-4032-A0B0-3BC44D1E29DF}.Release|x86.ActiveCfg = Release|Win32
		{856FBCA3-7E8B-4032-A0B0-3BC44D1E29DF}.Release|x86.Build.0 = Release|Win32
		{EE513393-40C0-4E64-88BF-986E5418E85D}.Debug|x64.ActiveCfg = Debug|x64
		{EE513393-40C0-4E64-88BF-986E5418E85D}.Debug|x64.Build.0 = Debug|x64
		{EE513393-40C0-4E64-88BF-986E5418E85D}.Debug|x86.ActiveCfg = Debug|Win32
		{EE513393-40C0-4E64-88BF-986E5418E85D}.Debug|x86.Build.0 = Debug|Win32
		{EE513393-40C0-4E64-88BF-986E5418E85D}.Release|x64.ActiveCfg = Release|x64
		{EE513393-40C0-4E64-88BF-986E5418E85D}.Release|x64.Build.0 = Release|x64
		{EE513393-40C0-4E64-88BF-986E5418E85D}.Release|x86.ActiveCfg = Release|Win32
		{EE513393-40C0-4E64-88BF-986E5418E85D}.Release|x86.Build.0 = Release|Win32
	EndGlobalSection
	GlobalSection(SolutionProperties) = preSolution
		HideSolutionNode = FALSE
	EndGlobalSection
EndGlobal
